
Microsoft Visual Studio Solution File, Format Version 12.00
# Visual Studio Version 17
VisualStudioVersion = 17.11.35208.52
MinimumVisualStudioVersion = 10.0.40219.1
Project("{FAE04EC0-301F-11D3-BF4B-00C04F79EFBC}") = "Exercício restaurante", "Exercício restaurante\Exercício restaurante.csproj", "{ED87D947-76A8-4425-96CF-3AC0F855DA56}"
EndProject
Global
	GlobalSection(SolutionConfigurationPlatforms) = preSolution
		Debug|Any CPU = Debug|Any CPU
		Release|Any CPU = Release|Any CPU
	EndGlobalSection
	GlobalSection(ProjectConfigurationPlatforms) = postSolution
		{ED87D947-76A8-4425-96CF-3AC0F855DA56}.Debug|Any CPU.ActiveCfg = Debug|Any CPU
		{ED87D947-76A8-4425-96CF-3AC0F855DA56}.Debug|Any CPU.Build.0 = Debug|Any CPU
		{ED87D947-76A8-4425-96CF-3AC0F855DA56}.Release|Any CPU.ActiveCfg = Release|Any CPU
		{ED87D947-76A8-4425-96CF-3AC0F855DA56}.Release|Any CPU.Build.0 = Release|Any CPU
	EndGlobalSection
	GlobalSection(SolutionProperties) = preSolution
		HideSolutionNode = FALSE
	EndGlobalSection
	GlobalSection(ExtensibilityGlobals) = postSolution
		SolutionGuid = {C2518E95-EF93-460B-AD82-271798DCC4A6}
	EndGlobalSection
EndGlobal
